
Microsoft Visual Studio Solution File, Format Version 12.00
# Visual Studio Version 17
VisualStudioVersion = 17.9.34723.18
MinimumVisualStudioVersion = 10.0.40219.1
Project("{FAE04EC0-301F-11D3-BF4B-00C04F79EFBC}") = "b-editor", "b-editor\b-editor.csproj", "{4C6F5EBA-28E6-4FF5-975C-9D8ED3C202AB}"
EndProject
Global
	GlobalSection(SolutionConfigurationPlatforms) = preSolution
		Debug|Any CPU = Debug|Any CPU
		Release|Any CPU = Release|Any CPU
	EndGlobalSection
	GlobalSection(ProjectConfigurationPlatforms) = postSolution
		{4C6F5EBA-28E6-4FF5-975C-9D8ED3C202AB}.Debug|Any CPU.ActiveCfg = Debug|Any CPU
		{4C6F5EBA-28E6-4FF5-975C-9D8ED3C202AB}.Debug|Any CPU.Build.0 = Debug|Any CPU
		{4C6F5EBA-28E6-4FF5-975C-9D8ED3C202AB}.Release|Any CPU.ActiveCfg = Release|Any CPU
		{4C6F5EBA-28E6-4FF5-975C-9D8ED3C202AB}.Release|Any CPU.Build.0 = Release|Any CPU
	EndGlobalSection
	GlobalSection(SolutionProperties) = preSolution
		HideSolutionNode = FALSE
	EndGlobalSection
	GlobalSection(ExtensibilityGlobals) = postSolution
		SolutionGuid = {ED469B04-8A69-408B-A097-10CF3A83EDBA}
	EndGlobalSection
EndGlobal
